PODS:
  - Alamofire (4.9.1)
  - DynamicBlurView (4.1.0)
  - ImageSlideshow/Core (1.9.2)
  - ImageSlideshow/Kingfisher (1.9.2):
    - ImageSlideshow/Core
    - Kingfisher (> 3.0)
  - IQKeyboardManagerSwift (6.5.6)
  - JGProgressHUD (2.2)
  - Kingfisher (6.2.1)
  - PopupDialog (1.1.1):
    - DynamicBlurView (~> 4.0)
  - RxSwift (4.5.0)
  - SwiftDate (6.3.1)

DEPENDENCIES:
  - Alamofire (~> 4.9.0)
  - ImageSlideshow/Kingfisher
  - IQKeyboardManagerSwift
  - JGProgressHUD
  - PopupDialog
  - RxSwift (~> 4.0)
  - SwiftDate

SPEC REPOS:
  trunk:
    - Alamofire
    - DynamicBlurView
    - ImageSlideshow
    - IQKeyboardManagerSwift
    - JGProgressHUD
    - Kingfisher
    - PopupDialog
    - RxSwift
    - SwiftDate

SPEC CHECKSUMS:
  Alamofire: 85e8a02c69d6020a0d734f6054870d7ecb75cf18
  DynamicBlurView: 58e18fae80bb614e34681a4486870e7d257b62e8
  ImageSlideshow: be305b54eaf2b2cfc7a7141c7c734605d44dc07d
  IQKeyboardManagerSwift: c7df9d2deb356c04522f5c4b7b6e4ce4d8ed94fe
  JGProgressHUD: d83d7a981b85d11205e19ff8ad5bb9c40571c847
  Kingfisher: e71c6fac2aebb1262888cabc2cb13d313362a48f
  PopupDialog: 720c92befd8bc23c13442254945213db5612f149
  RxSwift: f172070dfd1a93d70a9ab97a5a01166206e1c575
  SwiftDate: 72d28954e8e1c6c1c0f917ccc8005e4f83c7d4b2

PODFILE CHECKSUM: f58cff3293d80fef90cc0657c7361cdee3e77225

COCOAPODS: 1.10.1
